# THIS IS AN AUTOGENERATED FILE. DO NOT EDIT THIS FILE DIRECTLY.
# yarn lockfile v1


"@google-cloud/common@^3.0.0":
  version "3.3.2"
  resolved "https://registry.yarnpkg.com/@google-cloud/common/-/common-3.3.2.tgz#595ce85ebbcaa8b38519336bf6747e32e7706df7"
  integrity sha512-W7JRLBEJWYtZQQuGQX06U6GBOSLrSrlvZxv6kGNwJtFrusu6AVgZltQ9Pajuz9Dh9aSXy9aTnBcyxn2/O0EGUw==
  dependencies:
    "@google-cloud/projectify" "^2.0.0"
    "@google-cloud/promisify" "^2.0.0"
    arrify "^2.0.1"
    duplexify "^4.1.1"
    ent "^2.2.0"
    extend "^3.0.2"
    google-auth-library "^6.0.0"
    retry-request "^4.1.1"
    teeny-request "^7.0.0"

"@google-cloud/compute@^2.1.0":
  version "2.1.0"
  resolved "https://registry.yarnpkg.com/@google-cloud/compute/-/compute-2.1.0.tgz#9973788ad84c5dc62eb5927c4cd877d0e989daae"
  integrity sha512-Zp6Oyhpkz6omowt/RkOumRTNPgQf5yCt/NPTFzWSy7t5Dh327Qfy636HtOC+4q5g89RmmqHVo4KIVxfFxHqcLw==
  dependencies:
    "@google-cloud/common" "^3.0.0"
    "@google-cloud/paginator" "^3.0.0"
    "@google-cloud/projectify" "^2.0.0"
    "@google-cloud/promisify" "^2.0.0"
    arrify "^2.0.0"
    async "^3.0.0"
    extend "^3.0.2"
    gce-images "^3.0.0"
    is "^3.2.1"
    string-format-obj "^1.1.1"

"@google-cloud/paginator@^3.0.0":
  version "3.0.4"
  resolved "https://registry.yarnpkg.com/@google-cloud/paginator/-/paginator-3.0.4.tgz#4106cadd8153d157c8afd16d66dfb89a38ba8748"
  integrity sha512-fKI+jYQdV1F9jtG6tSRro3ilNSeBWVmTzxc8Z0kiPRXcj8eshh9fiF8TtxfDefyUKgTdWgHpzGBwLbZ/OGikJg==
  dependencies:
    arrify "^2.0.0"
    extend "^3.0.2"

"@google-cloud/projectify@^2.0.0":
  version "2.0.1"
  resolved "https://registry.yarnpkg.com/@google-cloud/projectify/-/projectify-2.0.1.tgz#13350ee609346435c795bbfe133a08dfeab78d65"
  integrity sha512-ZDG38U/Yy6Zr21LaR3BTiiLtpJl6RkPS/JwoRT453G+6Q1DhlV0waNf8Lfu+YVYGIIxgKnLayJRfYlFJfiI8iQ==

"@google-cloud/promisify@^2.0.0":
  version "2.0.2"
  resolved "https://registry.yarnpkg.com/@google-cloud/promisify/-/promisify-2.0.2.tgz#81d654b4cb227c65c7ad2f9a7715262febd409ed"
  integrity sha512-EvuabjzzZ9E2+OaYf+7P9OAiiwbTxKYL0oGLnREQd+Su2NTQBpomkdlkBowFvyWsaV0d1sSGxrKpSNcrhPqbxg==

"@tootallnate/once@1":
  version "1.1.2"
  resolved "https://registry.yarnpkg.com/@tootallnate/once/-/once-1.1.2.tgz#ccb91445360179a04e7fe6aff78c00ffc1eeaf82"
  integrity sha512-RbzJvlNzmRq5c3O09UipeuXno4tA1FE6ikOjxZK0tuxVv3412l64l5t1W5pj4+rJq9vpkm/kwiR07aZXnsKPxw==

abort-controller@^3.0.0:
  version "3.0.0"
  resolved "https://registry.yarnpkg.com/abort-controller/-/abort-controller-3.0.0.tgz#eaf54d53b62bae4138e809ca225c8439a6efb392"
  integrity sha512-h8lQ8tacZYnR3vNQTgibj+tODHI5/+l06Au2Pcriv/Gmet0eaj4TwWH41sO9wnHDiQsEj19q0drzdWdeAHtweg==
  dependencies:
    event-target-shim "^5.0.0"

agent-base@6:
  version "6.0.1"
  resolved "https://registry.yarnpkg.com/agent-base/-/agent-base-6.0.1.tgz#808007e4e5867decb0ab6ab2f928fbdb5a596db4"
  integrity sha512-01q25QQDwLSsyfhrKbn8yuur+JNw0H+0Y4JiGIKd3z9aYk/w/2kxD/Upc+t2ZBBSUNff50VjPsSW2YxM8QYKVg==
  dependencies:
    debug "4"

arrify@^2.0.0, arrify@^2.0.1:
  version "2.0.1"
  resolved "https://registry.yarnpkg.com/arrify/-/arrify-2.0.1.tgz#c9655e9331e0abcd588d2a7cad7e9956f66701fa"
  integrity sha512-3duEwti880xqi4eAMN8AyR4a0ByT90zoYdLlevfrvU43vb0YZwZVfxOgxWrLXXXpyugL0hNZc9G6BiB5B3nUug==

async@^3.0.0:
  version "3.2.0"
  resolved "https://registry.yarnpkg.com/async/-/async-3.2.0.tgz#b3a2685c5ebb641d3de02d161002c60fc9f85720"
  integrity sha512-TR2mEZFVOj2pLStYxLht7TyfuRzaydfpxr3k9RpHIzMgw7A64dzsdqCxH1WJyQdoe8T10nDXd9wnEigmiuHIZw==

base64-js@^1.3.0:
  version "1.3.1"
  resolved "https://registry.yarnpkg.com/base64-js/-/base64-js-1.3.1.tgz#58ece8cb75dd07e71ed08c736abc5fac4dbf8df1"
  integrity sha512-mLQ4i2QO1ytvGWFWmcngKO//JXAQueZvwEKtjgQFM4jIK0kU+ytMfplL8j+n5mspOfjHwoAg+9yhb7BwAHm36g==

bignumber.js@^9.0.0:
  version "9.0.0"
  resolved "https://registry.yarnpkg.com/bignumber.js/-/bignumber.js-9.0.0.tgz#805880f84a329b5eac6e7cb6f8274b6d82bdf075"
  integrity sha512-t/OYhhJ2SD+YGBQcjY8GzzDHEk9f3nerxjtfa6tlMXfe7frs/WozhvCNoGvpM0P3bNf3Gq5ZRMlGr5f3r4/N8A==

buffer-equal-constant-time@1.0.1:
  version "1.0.1"
  resolved "https://registry.yarnpkg.com/buffer-equal-constant-time/-/buffer-equal-constant-time-1.0.1.tgz#f8e71132f7ffe6e01a5c9697a4c6f3e48d5cc819"
  integrity sha1-+OcRMvf/5uAaXJaXpMbz5I1cyBk=

debug@4, debug@^4.1.1:
  version "4.1.1"
  resolved "https://registry.yarnpkg.com/debug/-/debug-4.1.1.tgz#3b72260255109c6b589cee050f1d516139664791"
  integrity sha512-pYAIzeRo8J6KPEaJ0VWOh5Pzkbw/RetuzehGM7QRRX5he4fPHx2rdKMB256ehJCkX+XRQm16eZLqLNS8RSZXZw==
  dependencies:
    ms "^2.1.1"

duplexify@^4.1.1:
  version "4.1.1"
  resolved "https://registry.yarnpkg.com/duplexify/-/duplexify-4.1.1.tgz#7027dc374f157b122a8ae08c2d3ea4d2d953aa61"
  integrity sha512-DY3xVEmVHTv1wSzKNbwoU6nVjzI369Y6sPoqfYr0/xlx3IdX2n94xIszTcjPO8W8ZIv0Wb0PXNcjuZyT4wiICA==
  dependencies:
    end-of-stream "^1.4.1"
    inherits "^2.0.3"
    readable-stream "^3.1.1"
    stream-shift "^1.0.0"

ecdsa-sig-formatter@1.0.11, ecdsa-sig-formatter@^1.0.11:
  version "1.0.11"
  resolved "https://registry.yarnpkg.com/ecdsa-sig-formatter/-/ecdsa-sig-formatter-1.0.11.tgz#ae0f0fa2d85045ef14a817daa3ce9acd0489e5bf"
  integrity sha512-nagl3RYrbNv6kQkeJIpt6NJZy8twLB/2vtz6yN9Z4vRKHN4/QZJIEbqohALSgwKdnksuY3k5Addp5lg8sVoVcQ==
  dependencies:
    safe-buffer "^5.0.1"

end-of-stream@^1.4.1:
  version "1.4.4"
  resolved "https://registry.yarnpkg.com/end-of-stream/-/end-of-stream-1.4.4.tgz#5ae64a5f45057baf3626ec14da0ca5e4b2431eb0"
  integrity sha512-+uw1inIHVPQoaVuHzRyXd21icM+cnt4CzD5rW+NC1wjOUSTOs+Te7FOv7AhN7vS9x/oIyhLP5PR1H+phQAHu5Q==
  dependencies:
    once "^1.4.0"

ent@^2.2.0:
  version "2.2.0"
  resolved "https://registry.yarnpkg.com/ent/-/ent-2.2.0.tgz#e964219325a21d05f44466a2f686ed6ce5f5dd1d"
  integrity sha1-6WQhkyWiHQX0RGai9obtbOX13R0=

event-target-shim@^5.0.0:
  version "5.0.1"
  resolved "https://registry.yarnpkg.com/event-target-shim/-/event-target-shim-5.0.1.tgz#5d4d3ebdf9583d63a5333ce2deb7480ab2b05789"
  integrity sha512-i/2XbnSz/uxRCU6+NdVJgKWDTM427+MqYbkQzD321DuCQJUqOuJKIA0IM2+W2xtYHdKOmZ4dR6fExsd4SXL+WQ==

extend@^3.0.2:
  version "3.0.2"
  resolved "https://registry.yarnpkg.com/extend/-/extend-3.0.2.tgz#f8b1136b4071fbd8eb140aff858b1019ec2915fa"
  integrity sha512-fjquC59cD7CyW6urNXK0FBufkZcoiGG80wTuPujX590cB5Ttln20E2UB4S/WARVqhXffZl2LNgS+gQdPIIim/g==

fast-text-encoding@^1.0.0:
  version "1.0.3"
  resolved "https://registry.yarnpkg.com/fast-text-encoding/-/fast-text-encoding-1.0.3.tgz#ec02ac8e01ab8a319af182dae2681213cfe9ce53"
  integrity sha512-dtm4QZH9nZtcDt8qJiOH9fcQd1NAgi+K1O2DbE6GG1PPCK/BWfOH3idCTRQ4ImXRUOyopDEgDEnVEE7Y/2Wrig==

gaxios@^3.0.0:
  version "3.1.0"
  resolved "https://registry.yarnpkg.com/gaxios/-/gaxios-3.1.0.tgz#95f65f5a335f61aff602fe124cfdba8524f765fa"
  integrity sha512-DDTn3KXVJJigtz+g0J3vhcfbDbKtAroSTxauWsdnP57sM5KZ3d2c/3D9RKFJ86s43hfw6WULg6TXYw/AYiBlpA==
  dependencies:
    abort-controller "^3.0.0"
    extend "^3.0.2"
    https-proxy-agent "^5.0.0"
    is-stream "^2.0.0"
    node-fetch "^2.3.0"

gce-images@^3.0.0:
  version "3.0.1"
  resolved "https://registry.yarnpkg.com/gce-images/-/gce-images-3.0.1.tgz#49715ad78ec92295609eb65be53278a48c89eaea"
  integrity sha512-M+Jf8krwfZ8p9YIgUro5o6vhH51gPwVIcRtBC3KF82txeM0WN1e7UueYevDIM2pVbW+CbTjZd8oNGkA9sQYzGQ==
  dependencies:
    arrify "^2.0.0"
    google-auth-library "^6.0.0"

gcp-metadata@^4.1.0:
  version "4.1.4"
  resolved "https://registry.yarnpkg.com/gcp-metadata/-/gcp-metadata-4.1.4.tgz#3adadb9158c716c325849ee893741721a3c09e7e"
  integrity sha512-5J/GIH0yWt/56R3dNaNWPGQ/zXsZOddYECfJaqxFWgrZ9HC2Kvc5vl9upOgUUHKzURjAVf2N+f6tEJiojqXUuA==
  dependencies:
    gaxios "^3.0.0"
    json-bigint "^1.0.0"

google-auth-library@^6.0.0:
  version "6.0.6"
  resolved "https://registry.yarnpkg.com/google-auth-library/-/google-auth-library-6.0.6.tgz#5102e5c643baab45b4c16e9752cd56b8861f3a82"
  integrity sha512-fWYdRdg55HSJoRq9k568jJA1lrhg9i2xgfhVIMJbskUmbDpJGHsbv9l41DGhCDXM21F9Kn4kUwdysgxSYBYJUw==
  dependencies:
    arrify "^2.0.0"
    base64-js "^1.3.0"
    ecdsa-sig-formatter "^1.0.11"
    fast-text-encoding "^1.0.0"
    gaxios "^3.0.0"
    gcp-metadata "^4.1.0"
    gtoken "^5.0.0"
    jws "^4.0.0"
    lru-cache "^6.0.0"

google-p12-pem@^3.0.0:
  version "3.0.2"
  resolved "https://registry.yarnpkg.com/google-p12-pem/-/google-p12-pem-3.0.2.tgz#12d443994b6f4cd8c9e4ac479f2f18d4694cbdb8"
  integrity sha512-tbjzndQvSIHGBLzHnhDs3cL4RBjLbLXc2pYvGH+imGVu5b4RMAttUTdnmW2UH0t11QeBTXZ7wlXPS7hrypO/tg==
  dependencies:
    node-forge "^0.9.0"

gtoken@^5.0.0:
  version "5.0.3"
  resolved "https://registry.yarnpkg.com/gtoken/-/gtoken-5.0.3.tgz#b76ef8e9a2fed6fef165e47f7d05b60c498e4d05"
  integrity sha512-Nyd1wZCMRc2dj/mAD0LlfQLcAO06uKdpKJXvK85SGrF5+5+Bpfil9u/2aw35ltvEHjvl0h5FMKN5knEU+9JrOg==
  dependencies:
    gaxios "^3.0.0"
    google-p12-pem "^3.0.0"
    jws "^4.0.0"
    mime "^2.2.0"

http-proxy-agent@^4.0.0:
  version "4.0.1"
  resolved "https://registry.yarnpkg.com/http-proxy-agent/-/http-proxy-agent-4.0.1.tgz#8a8c8ef7f5932ccf953c296ca8291b95aa74aa3a"
  integrity sha512-k0zdNgqWTGA6aeIRVpvfVob4fL52dTfaehylg0Y4UvSySvOq/Y+BOyPrgpUrA7HylqvU8vIZGsRuXmspskV0Tg==
  dependencies:
    "@tootallnate/once" "1"
    agent-base "6"
    debug "4"

https-proxy-agent@^5.0.0:
  version "5.0.0"
  resolved "https://registry.yarnpkg.com/https-proxy-agent/-/https-proxy-agent-5.0.0.tgz#e2a90542abb68a762e0a0850f6c9edadfd8506b2"
  integrity sha512-EkYm5BcKUGiduxzSt3Eppko+PiNWNEpa4ySk9vTC6wDsQJW9rHSa+UhGNJoRYp7bz6Ht1eaRIa6QaJqO5rCFbA==
  dependencies:
    agent-base "6"
    debug "4"

inherits@^2.0.3, inherits@^2.0.4:
  version "2.0.4"
  resolved "https://registry.yarnpkg.com/inherits/-/inherits-2.0.4.tgz#0fa2c64f932917c3433a0ded55363aae37416b7c"
  integrity sha512-k/vGaX4/Yla3WzyMCvTQOXYeIHvqOKtnqBduzTHpzpQZzAskKMhZ2K+EnBiSM9zGSoIFeMpXKxa4dYeZIQqewQ==

is-stream@^2.0.0:
  version "2.0.0"
  resolved "https://registry.yarnpkg.com/is-stream/-/is-stream-2.0.0.tgz#bde9c32680d6fae04129d6ac9d921ce7815f78e3"
  integrity sha512-XCoy+WlUr7d1+Z8GgSuXmpuUFC9fOhRXglJMx+dwLKTkL44Cjd4W1Z5P+BQZpr+cR93aGP4S/s7Ftw6Nd/kiEw==

is@^3.2.1:
  version "3.3.0"
  resolved "https://registry.yarnpkg.com/is/-/is-3.3.0.tgz#61cff6dd3c4193db94a3d62582072b44e5645d79"
  integrity sha512-nW24QBoPcFGGHJGUwnfpI7Yc5CdqWNdsyHQszVE/z2pKHXzh7FZ5GWhJqSyaQ9wMkQnsTx+kAI8bHlCX4tKdbg==

json-bigint@^1.0.0:
  version "1.0.0"
  resolved "https://registry.yarnpkg.com/json-bigint/-/json-bigint-1.0.0.tgz#ae547823ac0cad8398667f8cd9ef4730f5b01ff1"
  integrity sha512-SiPv/8VpZuWbvLSMtTDU8hEfrZWg/mH/nV/b4o0CYbSxu1UIQPLdwKOCIyLQX+VIPO5vrLX3i8qtqFyhdPSUSQ==
  dependencies:
    bignumber.js "^9.0.0"

jwa@^2.0.0:
  version "2.0.0"
  resolved "https://registry.yarnpkg.com/jwa/-/jwa-2.0.0.tgz#a7e9c3f29dae94027ebcaf49975c9345593410fc"
  integrity sha512-jrZ2Qx916EA+fq9cEAeCROWPTfCwi1IVHqT2tapuqLEVVDKFDENFw1oL+MwrTvH6msKxsd1YTDVw6uKEcsrLEA==
  dependencies:
    buffer-equal-constant-time "1.0.1"
    ecdsa-sig-formatter "1.0.11"
    safe-buffer "^5.0.1"

jws@^4.0.0:
  version "4.0.0"
  resolved "https://registry.yarnpkg.com/jws/-/jws-4.0.0.tgz#2d4e8cf6a318ffaa12615e9dec7e86e6c97310f4"
  integrity sha512-KDncfTmOZoOMTFG4mBlG0qUIOlc03fmzH+ru6RgYVZhPkyiy/92Owlt/8UEN+a4TXR1FQetfIpJE8ApdvdVxTg==
  dependencies:
    jwa "^2.0.0"
    safe-buffer "^5.0.1"

lru-cache@^6.0.0:
  version "6.0.0"
  resolved "https://registry.yarnpkg.com/lru-cache/-/lru-cache-6.0.0.tgz#6d6fe6570ebd96aaf90fcad1dafa3b2566db3a94"
  integrity sha512-Jo6dJ04CmSjuznwJSS3pUeWmd/H0ffTlkXXgwZi+eq1UCmqQwCh+eLsYOYCwY991i2Fah4h1BEMCx4qThGbsiA==
  dependencies:
    yallist "^4.0.0"

mime@^2.2.0:
  version "2.4.6"
  resolved "https://registry.yarnpkg.com/mime/-/mime-2.4.6.tgz#e5b407c90db442f2beb5b162373d07b69affa4d1"
  integrity sha512-RZKhC3EmpBchfTGBVb8fb+RL2cWyw/32lshnsETttkBAyAUXSGHxbEJWWRXc751DrIxG1q04b8QwMbAwkRPpUA==

ms@^2.1.1:
  version "2.1.2"
  resolved "https://registry.yarnpkg.com/ms/-/ms-2.1.2.tgz#d09d1f357b443f493382a8eb3ccd183872ae6009"
  integrity sha512-sGkPx+VjMtmA6MX27oA4FBFELFCZZ4S4XqeGOXCv68tT+jb3vk/RyaKWP0PTKyWtmLSM0b+adUTEvbs1PEaH2w==

node-fetch@^2.2.0, node-fetch@^2.3.0:
  version "2.6.0"
  resolved "https://registry.yarnpkg.com/node-fetch/-/node-fetch-2.6.0.tgz#e633456386d4aa55863f676a7ab0daa8fdecb0fd"
  integrity sha512-8dG4H5ujfvFiqDmVu9fQ5bOHUC15JMjMY/Zumv26oOvvVJjM67KF8koCWIabKQ1GJIa9r2mMZscBq/TbdOcmNA==

node-forge@^0.9.0:
  version "0.9.1"
  resolved "https://registry.yarnpkg.com/node-forge/-/node-forge-0.9.1.tgz#775368e6846558ab6676858a4d8c6e8d16c677b5"
  integrity sha512-G6RlQt5Sb4GMBzXvhfkeFmbqR6MzhtnT7VTHuLadjkii3rdYHNdw0m8zA4BTxVIh68FicCQ2NSUANpsqkr9jvQ==

once@^1.4.0:
  version "1.4.0"
  resolved "https://registry.yarnpkg.com/once/-/once-1.4.0.tgz#583b1aa775961d4b113ac17d9c50baef9dd76bd1"
  integrity sha1-WDsap3WWHUsROsF9nFC6753Xa9E=
  dependencies:
    wrappy "1"

"readable-stream@2 || 3", readable-stream@^3.1.1:
  version "3.6.0"
  resolved "https://registry.yarnpkg.com/readable-stream/-/readable-stream-3.6.0.tgz#337bbda3adc0706bd3e024426a286d4b4b2c9198"
  integrity sha512-BViHy7LKeTz4oNnkcLJ+lVSL6vpiFeX6/d3oSH8zCW7UxP2onchk+vTGB143xuFjHS3deTgkKoXXymXqymiIdA==
  dependencies:
    inherits "^2.0.3"
    string_decoder "^1.1.1"
    util-deprecate "^1.0.1"

retry-request@^4.1.1:
  version "4.1.2"
  resolved "https://registry.yarnpkg.com/retry-request/-/retry-request-4.1.2.tgz#88eb28ba5b0b81c3692f03dd9f2f91868be2a30b"
  integrity sha512-fa4OwUcplhOYIhTm7zt6xsUfoApWo+auhvxbpPR4XLxHj0k67MhPItpCzYWzOEjtJlCH4MJ5V0qUrXiu/pOpag==
  dependencies:
    debug "^4.1.1"
    through2 "^3.0.1"

safe-buffer@^5.0.1, safe-buffer@~5.2.0:
  version "5.2.1"
  resolved "https://registry.yarnpkg.com/safe-buffer/-/safe-buffer-5.2.1.tgz#1eaf9fa9bdb1fdd4ec75f58f9cdb4e6b7827eec6"
  integrity sha512-rp3So07KcdmmKbGvgaNxQSJr7bGVSVk5S9Eq1F+ppbRo70+YeaDxkw5Dd8NPN+GD6bjnYm2VuPuCXmpuYvmCXQ==

stream-events@^1.0.5:
  version "1.0.5"
  resolved "https://registry.yarnpkg.com/stream-events/-/stream-events-1.0.5.tgz#bbc898ec4df33a4902d892333d47da9bf1c406d5"
  integrity sha512-E1GUzBSgvct8Jsb3v2X15pjzN1tYebtbLaMg+eBOUOAxgbLoSbT2NS91ckc5lJD1KfLjId+jXJRgo0qnV5Nerg==
  dependencies:
    stubs "^3.0.0"

stream-shift@^1.0.0:
  version "1.0.1"
  resolved "https://registry.yarnpkg.com/stream-shift/-/stream-shift-1.0.1.tgz#d7088281559ab2778424279b0877da3c392d5a3d"
  integrity sha512-AiisoFqQ0vbGcZgQPY1cdP2I76glaVA/RauYR4G4thNFgkTqr90yXTo4LYX60Jl+sIlPNHHdGSwo01AvbKUSVQ==

string-format-obj@^1.1.1:
  version "1.1.1"
  resolved "https://registry.yarnpkg.com/string-format-obj/-/string-format-obj-1.1.1.tgz#c7612ca4e2ad923812a81db192dc291850aa1f65"
  integrity sha512-Mm+sROy+pHJmx0P/0Bs1uxIX6UhGJGj6xDGQZ5zh9v/SZRmLGevp+p0VJxV7lirrkAmQ2mvva/gHKpnF/pTb+Q==

string_decoder@^1.1.1:
  version "1.3.0"
  resolved "https://registry.yarnpkg.com/string_decoder/-/string_decoder-1.3.0.tgz#42f114594a46cf1a8e30b0a84f56c78c3edac21e"
  integrity sha512-hkRX8U1WjJFd8LsDJ2yQ/wWWxaopEsABU1XfkM8A+j0+85JAGppt16cr1Whg6KIbb4okU6Mql6BOj+uup/wKeA==
  dependencies:
    safe-buffer "~5.2.0"

stubs@^3.0.0:
  version "3.0.0"
  resolved "https://registry.yarnpkg.com/stubs/-/stubs-3.0.0.tgz#e8d2ba1fa9c90570303c030b6900f7d5f89abe5b"
  integrity sha1-6NK6H6nJBXAwPAMLaQD31fiavls=

teeny-request@^7.0.0:
  version "7.0.0"
  resolved "https://registry.yarnpkg.com/teeny-request/-/teeny-request-7.0.0.tgz#0e5c090bd9102ed559ffc8c9ddb00fbe1256db30"
  integrity sha512-kWD3sdGmIix6w7c8ZdVKxWq+3YwVPGWz+Mq0wRZXayEKY/YHb63b8uphfBzcFDmyq8frD9+UTc3wLyOhltRbtg==
  dependencies:
    http-proxy-agent "^4.0.0"
    https-proxy-agent "^5.0.0"
    node-fetch "^2.2.0"
    stream-events "^1.0.5"
    uuid "^8.0.0"

through2@^3.0.1:
  version "3.0.2"
  resolved "https://registry.yarnpkg.com/through2/-/through2-3.0.2.tgz#99f88931cfc761ec7678b41d5d7336b5b6a07bf4"
  integrity sha512-enaDQ4MUyP2W6ZyT6EsMzqBPZaM/avg8iuo+l2d3QCs0J+6RaqkHV/2/lOwDTueBHeJ/2LG9lrLW3d5rWPucuQ==
  dependencies:
    inherits "^2.0.4"
    readable-stream "2 || 3"

util-deprecate@^1.0.1:
  version "1.0.2"
  resolved "https://registry.yarnpkg.com/util-deprecate/-/util-deprecate-1.0.2.tgz#450d4dc9fa70de732762fbd2d4a28981419a0ccf"
  integrity sha1-RQ1Nyfpw3nMnYvvS1KKJgUGaDM8=

uuid@^8.0.0:
  version "8.3.0"
  resolved "https://registry.yarnpkg.com/uuid/-/uuid-8.3.0.tgz#ab738085ca22dc9a8c92725e459b1d507df5d6ea"
  integrity sha512-fX6Z5o4m6XsXBdli9g7DtWgAx+osMsRRZFKma1mIUsLCz6vRvv+pz5VNbyu9UEDzpMWulZfvpgb/cmDXVulYFQ==

wrappy@1:
  version "1.0.2"
  resolved "https://registry.yarnpkg.com/wrappy/-/wrappy-1.0.2.tgz#b5243d8f3ec1aa35f1364605bc0d1036e30ab69f"
  integrity sha1-tSQ9jz7BqjXxNkYFvA0QNuMKtp8=

yallist@^4.0.0:
  version "4.0.0"
  resolved "https://registry.yarnpkg.com/yallist/-/yallist-4.0.0.tgz#9bb92790d9c0effec63be73519e11a35019a3a72"
  integrity sha512-3wdGidZyq5PB084XLES5TpOSRA3wjXAlIWMhum2kRcv/41Sn2emQ0dycQW4uZXLejwKvg6EsvbdlVL+FYEct7A==
